
Microsoft Visual Studio Solution File, Format Version 12.00
# Visual Studio 15
VisualStudioVersion = 15.0.26730.12
MinimumVisualStudioVersion = 10.0.40219.1
Project("{888888A0-9F3D-457C-B088-3A5042F75D52}") = "HM", "HM\HM.pyproj", "{580CB853-6801-48AA-81E0-D31029CD96EF}"
EndProject
Global
	GlobalSection(SolutionConfigurationPlatforms) = preSolution
		Debug|Any CPU = Debug|Any CPU
		Release|Any CPU = Release|Any CPU
	EndGlobalSection
	GlobalSection(ProjectConfigurationPlatforms) = postSolution
		{580CB853-6801-48AA-81E0-D31029CD96EF}.Debug|Any CPU.ActiveCfg = Debug|Any CPU
		{580CB853-6801-48AA-81E0-D31029CD96EF}.Release|Any CPU.ActiveCfg = Release|Any CPU
	EndGlobalSection
	GlobalSection(SolutionProperties) = preSolution
		HideSolutionNode = FALSE
	EndGlobalSection
	GlobalSection(ExtensibilityGlobals) = postSolution
		SolutionGuid = {86E165DE-8166-417A-9E44-2F81C6E5E4A2}
	EndGlobalSection
EndGlobal
